
Microsoft Visual Studio Solution File, Format Version 12.00
# Visual Studio Version 17
VisualStudioVersion = 17.7.34018.315
MinimumVisualStudioVersion = 10.0.40219.1
Project("{FAE04EC0-301F-11D3-BF4B-00C04F79EFBC}") = "SWP391_Group3_FinalProject", "SWP391_Group3_FinalProject.csproj", "{94E2501A-8201-46BD-AAF2-13D13EB6CFCC}"
EndProject
Global
	GlobalSection(SolutionConfigurationPlatforms) = preSolution
		Debug|Any CPU = Debug|Any CPU
		Release|Any CPU = Release|Any CPU
	EndGlobalSection
	GlobalSection(ProjectConfigurationPlatforms) = postSolution
		{94E2501A-8201-46BD-AAF2-13D13EB6CFCC}.Debug|Any CPU.ActiveCfg = Debug|Any CPU
		{94E2501A-8201-46BD-AAF2-13D13EB6CFCC}.Debug|Any CPU.Build.0 = Debug|Any CPU
		{94E2501A-8201-46BD-AAF2-13D13EB6CFCC}.Release|Any CPU.ActiveCfg = Release|Any CPU
		{94E2501A-8201-46BD-AAF2-13D13EB6CFCC}.Release|Any CPU.Build.0 = Release|Any CPU
	EndGlobalSection
	GlobalSection(SolutionProperties) = preSolution
		HideSolutionNode = FALSE
	EndGlobalSection
	GlobalSection(ExtensibilityGlobals) = postSolution
		SolutionGuid = {42146C1E-368B-46A3-B5F3-42027C4E7311}
	EndGlobalSection
EndGlobal
